
Microsoft Visual Studio Solution File, Format Version 12.00
# Visual Studio Version 17
VisualStudioVersion = 17.0.31903.59
MinimumVisualStudioVersion = 10.0.40219.1
Project("{2150E333-8FDC-42A3-9474-1A3956D46DE8}") = "src", "src", "{827E0CD3-B72D-47B6-A68D-7590B98EB39B}"
EndProject
Project("{FAE04EC0-301F-11D3-BF4B-00C04F79EFBC}") = "FactoryMind.Api", "src\FactoryMind.Api\FactoryMind.Api.csproj", "{E404BCF0-99BF-48C1-985B-C9EFF577B10D}"
EndProject
Project("{FAE04EC0-301F-11D3-BF4B-00C04F79EFBC}") = "FactoryMind.Application", "src\FactoryMind.Application\FactoryMind.Application.csproj", "{85A067B2-6F6D-44DA-A897-70C94EAD002E}"
EndProject
Project("{FAE04EC0-301F-11D3-BF4B-00C04F79EFBC}") = "FactoryMind.Domain", "src\FactoryMind.Domain\FactoryMind.Domain.csproj", "{15EBFD38-9F07-40A8-9B45-A4BA2E9A14C1}"
EndProject
Project("{FAE04EC0-301F-11D3-BF4B-00C04F79EFBC}") = "FactoryMind.Infrastructure", "src\FactoryMind.Infrastructure\FactoryMind.Infrastructure.csproj", "{8441234B-681B-45F2-AF1B-851261B2C527}"
EndProject
Project("{FAE04EC0-301F-11D3-BF4B-00C04F79EFBC}") = "FactoryMind.Shared", "src\FactoryMind.Shared\FactoryMind.Shared.csproj", "{201C5A32-A88B-419F-B125-FFE54172A7A6}"
EndProject
Project("{FAE04EC0-301F-11D3-BF4B-00C04F79EFBC}") = "FactoryMind.Tests", "tests\FactoryMind.Tests\FactoryMind.Tests.csproj", "{30111273-C6AE-422C-BE44-92D47BC5C771}"
EndProject
Project("{FAE04EC0-301F-11D3-BF4B-00C04F79EFBC}") = "FactoryMind.IntegrationTests", "tests\FactoryMind.IntegrationTests\FactoryMind.IntegrationTests.csproj", "{AE1E2D6F-76AB-4FCB-81D4-57A4015A898B}"
EndProject
Global
	GlobalSection(SolutionConfigurationPlatforms) = preSolution
		Debug|Any CPU = Debug|Any CPU
		Debug|x64 = Debug|x64
		Debug|x86 = Debug|x86
		Release|Any CPU = Release|Any CPU
		Release|x64 = Release|x64
		Release|x86 = Release|x86
	EndGlobalSection
	GlobalSection(ProjectConfigurationPlatforms) = postSolution
		{E404BCF0-99BF-48C1-985B-C9EFF577B10D}.Debug|Any CPU.ActiveCfg = Debug|Any CPU
		{E404BCF0-99BF-48C1-985B-C9EFF577B10D}.Debug|Any CPU.Build.0 = Debug|Any CPU
		{E404BCF0-99BF-48C1-985B-C9EFF577B10D}.Debug|x64.ActiveCfg = Debug|Any CPU
		{E404BCF0-99BF-48C1-985B-C9EFF577B10D}.Debug|x64.Build.0 = Debug|Any CPU
		{E404BCF0-99BF-48C1-985B-C9EFF577B10D}.Debug|x86.ActiveCfg = Debug|Any CPU
		{E404BCF0-99BF-48C1-985B-C9EFF577B10D}.Debug|x86.Build.0 = Debug|Any CPU
		{E404BCF0-99BF-48C1-985B-C9EFF577B10D}.Release|Any CPU.ActiveCfg = Release|Any CPU
		{E404BCF0-99BF-48C1-985B-C9EFF577B10D}.Release|Any CPU.Build.0 = Release|Any CPU
		{E404BCF0-99BF-48C1-985B-C9EFF577B10D}.Release|x64.ActiveCfg = Release|Any CPU
		{E404BCF0-99BF-48C1-985B-C9EFF577B10D}.Release|x64.Build.0 = Release|Any CPU
		{E404BCF0-99BF-48C1-985B-C9EFF577B10D}.Release|x86.ActiveCfg = Release|Any CPU
		{E404BCF0-99BF-48C1-985B-C9EFF577B10D}.Release|x86.Build.0 = Release|Any CPU
		{85A067B2-6F6D-44DA-A897-70C94EAD002E}.Debug|Any CPU.ActiveCfg = Debug|Any CPU
		{85A067B2-6F6D-44DA-A897-70C94EAD002E}.Debug|Any CPU.Build.0 = Debug|Any CPU
		{85A067B2-6F6D-44DA-A897-70C94EAD002E}.Debug|x64.ActiveCfg = Debug|Any CPU
		{85A067B2-6F6D-44DA-A897-70C94EAD002E}.Debug|x64.Build.0 = Debug|Any CPU
		{85A067B2-6F6D-44DA-A897-70C94EAD002E}.Debug|x86.ActiveCfg = Debug|Any CPU
		{85A067B2-6F6D-44DA-A897-70C94EAD002E}.Debug|x86.Build.0 = Debug|Any CPU
		{85A067B2-6F6D-44DA-A897-70C94EAD002E}.Release|Any CPU.ActiveCfg = Release|Any CPU
		{85A067B2-6F6D-44DA-A897-70C94EAD002E}.Release|Any CPU.Build.0 = Release|Any CPU
		{85A067B2-6F6D-44DA-A897-70C94EAD002E}.Release|x64.ActiveCfg = Release|Any CPU
		{85A067B2-6F6D-44DA-A897-70C94EAD002E}.Release|x64.Build.0 = Release|Any CPU
		{85A067B2-6F6D-44DA-A897-70C94EAD002E}.Release|x86.ActiveCfg = Release|Any CPU
		{85A067B2-6F6D-44DA-A897-70C94EAD002E}.Release|x86.Build.0 = Release|Any CPU
		{15EBFD38-9F07-40A8-9B45-A4BA2E9A14C1}.Debug|Any CPU.ActiveCfg = Debug|Any CPU
		{15EBFD38-9F07-40A8-9B45-A4BA2E9A14C1}.Debug|Any CPU.Build.0 = Debug|Any CPU
		{15EBFD38-9F07-40A8-9B45-A4BA2E9A14C1}.Debug|x64.ActiveCfg = Debug|Any CPU
		{15EBFD38-9F07-40A8-9B45-A4BA2E9A14C1}.Debug|x64.Build.0 = Debug|Any CPU
		{15EBFD38-9F07-40A8-9B45-A4BA2E9A14C1}.Debug|x86.ActiveCfg = Debug|Any CPU
		{15EBFD38-9F07-40A8-9B45-A4BA2E9A14C1}.Debug|x86.Build.0 = Debug|Any CPU
		{15EBFD38-9F07-40A8-9B45-A4BA2E9A14C1}.Release|Any CPU.ActiveCfg = Release|Any CPU
		{15EBFD38-9F07-40A8-9B45-A4BA2E9A14C1}.Release|Any CPU.Build.0 = Release|Any CPU
		{15EBFD38-9F07-40A8-9B45-A4BA2E9A14C1}.Release|x64.ActiveCfg = Release|Any CPU
		{15EBFD38-9F07-40A8-9B45-A4BA2E9A14C1}.Release|x64.Build.0 = Release|Any CPU
		{15EBFD38-9F07-40A8-9B45-A4BA2E9A14C1}.Release|x86.ActiveCfg = Release|Any CPU
		{15EBFD38-9F07-40A8-9B45-A4BA2E9A14C1}.Release|x86.Build.0 = Release|Any CPU
		{8441234B-681B-45F2-AF1B-851261B2C527}.Debug|Any CPU.ActiveCfg = Debug|Any CPU
		{8441234B-681B-45F2-AF1B-851261B2C527}.Debug|Any CPU.Build.0 = Debug|Any CPU
		{8441234B-681B-45F2-AF1B-851261B2C527}.Debug|x64.ActiveCfg = Debug|Any CPU
		{8441234B-681B-45F2-AF1B-851261B2C527}.Debug|x64.Build.0 = Debug|Any CPU
		{8441234B-681B-45F2-AF1B-851261B2C527}.Debug|x86.ActiveCfg = Debug|Any CPU
		{8441234B-681B-45F2-AF1B-851261B2C527}.Debug|x86.Build.0 = Debug|Any CPU
		{8441234B-681B-45F2-AF1B-851261B2C527}.Release|Any CPU.ActiveCfg = Release|Any CPU
		{8441234B-681B-45F2-AF1B-851261B2C527}.Release|Any CPU.Build.0 = Release|Any CPU
		{8441234B-681B-45F2-AF1B-851261B2C527}.Release|x64.ActiveCfg = Release|Any CPU
		{8441234B-681B-45F2-AF1B-851261B2C527}.Release|x64.Build.0 = Release|Any CPU
		{8441234B-681B-45F2-AF1B-851261B2C527}.Release|x86.ActiveCfg = Release|Any CPU
		{8441234B-681B-45F2-AF1B-851261B2C527}.Release|x86.Build.0 = Release|Any CPU
		{201C5A32-A88B-419F-B125-FFE54172A7A6}.Debug|Any CPU.ActiveCfg = Debug|Any CPU
		{201C5A32-A88B-419F-B125-FFE54172A7A6}.Debug|Any CPU.Build.0 = Debug|Any CPU
		{201C5A32-A88B-419F-B125-FFE54172A7A6}.Debug|x64.ActiveCfg = Debug|Any CPU
		{201C5A32-A88B-419F-B125-FFE54172A7A6}.Debug|x64.Build.0 = Debug|Any CPU
		{201C5A32-A88B-419F-B125-FFE54172A7A6}.Debug|x86.ActiveCfg = Debug|Any CPU
		{201C5A32-A88B-419F-B125-FFE54172A7A6}.Debug|x86.Build.0 = Debug|Any CPU
		{201C5A32-A88B-419F-B125-FFE54172A7A6}.Release|Any CPU.ActiveCfg = Release|Any CPU
		{201C5A32-A88B-419F-B125-FFE54172A7A6}.Release|Any CPU.Build.0 = Release|Any CPU
		{201C5A32-A88B-419F-B125-FFE54172A7A6}.Release|x64.ActiveCfg = Release|Any CPU
		{201C5A32-A88B-419F-B125-FFE54172A7A6}.Release|x64.Build.0 = Release|Any CPU
		{201C5A32-A88B-419F-B125-FFE54172A7A6}.Release|x86.ActiveCfg = Release|Any CPU
		{201C5A32-A88B-419F-B125-FFE54172A7A6}.Release|x86.Build.0 = Release|Any CPU
		{30111273-C6AE-422C-BE44-92D47BC5C771}.Debug|Any CPU.ActiveCfg = Debug|Any CPU
		{30111273-C6AE-422C-BE44-92D47BC5C771}.Debug|Any CPU.Build.0 = Debug|Any CPU
		{30111273-C6AE-422C-BE44-92D47BC5C771}.Debug|x64.ActiveCfg = Debug|Any CPU
		{30111273-C6AE-422C-BE44-92D47BC5C771}.Debug|x64.Build.0 = Debug|Any CPU
		{30111273-C6AE-422C-BE44-92D47BC5C771}.Debug|x86.ActiveCfg = Debug|Any CPU
		{30111273-C6AE-422C-BE44-92D47BC5C771}.Debug|x86.Build.0 = Debug|Any CPU
		{30111273-C6AE-422C-BE44-92D47BC5C771}.Release|Any CPU.ActiveCfg = Release|Any CPU
		{30111273-C6AE-422C-BE44-92D47BC5C771}.Release|Any CPU.Build.0 = Release|Any CPU
		{30111273-C6AE-422C-BE44-92D47BC5C771}.Release|x64.ActiveCfg = Release|Any CPU
		{30111273-C6AE-422C-BE44-92D47BC5C771}.Release|x64.Build.0 = Release|Any CPU
		{30111273-C6AE-422C-BE44-92D47BC5C771}.Release|x86.ActiveCfg = Release|Any CPU
		{30111273-C6AE-422C-BE44-92D47BC5C771}.Release|x86.Build.0 = Release|Any CPU
		{AE1E2D6F-76AB-4FCB-81D4-57A4015A898B}.Debug|Any CPU.ActiveCfg = Debug|Any CPU
		{AE1E2D6F-76AB-4FCB-81D4-57A4015A898B}.Debug|Any CPU.Build.0 = Debug|Any CPU
		{AE1E2D6F-76AB-4FCB-81D4-57A4015A898B}.Debug|x64.ActiveCfg = Debug|Any CPU
		{AE1E2D6F-76AB-4FCB-81D4-57A4015A898B}.Debug|x64.Build.0 = Debug|Any CPU
		{AE1E2D6F-76AB-4FCB-81D4-57A4015A898B}.Debug|x86.ActiveCfg = Debug|Any CPU
		{AE1E2D6F-76AB-4FCB-81D4-57A4015A898B}.Debug|x86.Build.0 = Debug|Any CPU
		{AE1E2D6F-76AB-4FCB-81D4-57A4015A898B}.Release|Any CPU.ActiveCfg = Release|Any CPU
		{AE1E2D6F-76AB-4FCB-81D4-57A4015A898B}.Release|Any CPU.Build.0 = Release|Any CPU
		{AE1E2D6F-76AB-4FCB-81D4-57A4015A898B}.Release|x64.ActiveCfg = Release|Any CPU
		{AE1E2D6F-76AB-4FCB-81D4-57A4015A898B}.Release|x64.Build.0 = Release|Any CPU
		{AE1E2D6F-76AB-4FCB-81D4-57A4015A898B}.Release|x86.ActiveCfg = Release|Any CPU
		{AE1E2D6F-76AB-4FCB-81D4-57A4015A898B}.Release|x86.Build.0 = Release|Any CPU
	EndGlobalSection
	GlobalSection(SolutionProperties) = preSolution
		HideSolutionNode = FALSE
	EndGlobalSection
	GlobalSection(NestedProjects) = preSolution
		{E404BCF0-99BF-48C1-985B-C9EFF577B10D} = {827E0CD3-B72D-47B6-A68D-7590B98EB39B}
		{85A067B2-6F6D-44DA-A897-70C94EAD002E} = {827E0CD3-B72D-47B6-A68D-7590B98EB39B}
		{15EBFD38-9F07-40A8-9B45-A4BA2E9A14C1} = {827E0CD3-B72D-47B6-A68D-7590B98EB39B}
		{8441234B-681B-45F2-AF1B-851261B2C527} = {827E0CD3-B72D-47B6-A68D-7590B98EB39B}
		{201C5A32-A88B-419F-B125-FFE54172A7A6} = {827E0CD3-B72D-47B6-A68D-7590B98EB39B}
		{30111273-C6AE-422C-BE44-92D47BC5C771} = {827E0CD3-B72D-47B6-A68D-7590B98EB39B}
		{AE1E2D6F-76AB-4FCB-81D4-57A4015A898B} = {827E0CD3-B72D-47B6-A68D-7590B98EB39B}
	EndGlobalSection
EndGlobal
